// !$*UTF8*$!
{
	archiveVersion = 1;
	classes = {
	};
	objectVersion = 55;
	objects = {

/* Begin PBXBuildFile section */
		514F3BE828BEF673007FAFE2 /* AppDelegate.swift in Sources */ = {isa = PBXBuildFile; fileRef = 514F3BE728BEF673007FAFE2 /* AppDelegate.swift */; };
		514F3BEA28BEF673007FAFE2 /* SceneDelegate.swift in Sources */ = {isa = PBXBuildFile; fileRef = 514F3BE928BEF673007FAFE2 /* SceneDelegate.swift */; };
		514F3BEC28BEF673007FAFE2 /* ViewController.swift in Sources */ = {isa = PBXBuildFile; fileRef = 514F3BEB28BEF673007FAFE2 /* ViewController.swift */; };
		514F3BEF28BEF673007FAFE2 /* Main.storyboard in Resources */ = {isa = PBXBuildFile; fileRef = 514F3BED28BEF673007FAFE2 /* Main.storyboard */; };
		514F3BF128BEF673007FAFE2 /* Assets.xcassets in Resources */ = {isa = PBXBuildFile; fileRef = 514F3BF028BEF673007FAFE2 /* Assets.xcassets */; };
		514F3BF428BEF673007FAFE2 /* LaunchScreen.storyboard in Resources */ = {isa = PBXBuildFile; fileRef = 514F3BF228BEF673007FAFE2 /* LaunchScreen.storyboard */; };
		514F3BFF28BEF673007FAFE2 /* PreworkTests.swift in Sources */ = {isa = PBXBuildFile; fileRef = 514F3BFE28BEF673007FAFE2 /* PreworkTests.swift */; };
		514F3C0928BEF673007FAFE2 /* PreworkUITests.swift in Sources */ = {isa = PBXBuildFile; fileRef = 514F3C0828BEF673007FAFE2 /* PreworkUITests.swift */; };
		514F3C0B28BEF673007FAFE2 /* PreworkUITestsLaunchTests.swift in Sources */ = {isa = PBXBuildFile; fileRef = 514F3C0A28BEF673007FAFE2 /* PreworkUITestsLaunchTests.swift */; };
/* End PBXBuildFile section */

/* Begin PBXContainerItemProxy section */
		514F3BFB28BEF673007FAFE2 /* PBXContainerItemProxy */ = {
			isa = PBXContainerItemProxy;
			containerPortal = 514F3BDC28BEF673007FAFE2 /* Project object */;
			proxyType = 1;
			remoteGlobalIDString = 514F3BE328BEF673007FAFE2;
			remoteInfo = Prework;
		};
		514F3C0528BEF673007FAFE2 /* PBXContainerItemProxy */ = {
			isa = PBXContainerItemProxy;
			containerPortal = 514F3BDC28BEF673007FAFE2 /* Project object */;
			proxyType = 1;
			remoteGlobalIDString = 514F3BE328BEF673007FAFE2;
			remoteInfo = Prework;
		};
/* End PBXContainerItemProxy section */

/* Begin PBXFileReference section */
		514F3BE428BEF673007FAFE2 /* Prework.app */ = {isa = PBXFileReference; explicitFileType = wrapper.application; includeInIndex = 0; path = Prework.app; sourceTree = BUILT_PRODUCTS_DIR; };
		514F3BE728BEF673007FAFE2 /* AppDelegate.swift */ = {isa = PBXFileReference; lastKnownFileType = sourcecode.swift; path = AppDelegate.swift; sourceTree = "<group>"; };
		514F3BE928BEF673007FAFE2 /* SceneDelegate.swift */ = {isa = PBXFileReference; lastKnownFileType = sourcecode.swift; path = SceneDelegate.swift; sourceTree = "<group>"; };
		514F3BEB28BEF673007FAFE2 /* ViewController.swift */ = {isa = PBXFileReference; lastKnownFileType = sourcecode.swift; path = ViewController.swift; sourceTree = "<group>"; };
		514F3BEE28BEF673007FAFE2 /* Base */ = {isa = PBXFileReference; lastKnownFileType = file.storyboard; name = Base; path = Base.lproj/Main.storyboard; sourceTree = "<group>"; };
		514F3BF028BEF673007FAFE2 /* Assets.xcassets */ = {isa = PBXFileReference; lastKnownFileType = folder.assetcatalog; path = Assets.xcassets; sourceTree = "<group>"; };
		514F3BF328BEF673007FAFE2 /* Base */ = {isa = PBXFileReference; lastKnownFileType = file.storyboard; name = Base; path = Base.lproj/LaunchScreen.storyboard; sourceTree = "<group>"; };
		514F3BF528BEF673007FAFE2 /* Info.plist */ = {isa = PBXFileReference; lastKnownFileType = text.plist.xml; path = Info.plist; sourceTree = "<group>"; };
		514F3BFA28BEF673007FAFE2 /* PreworkTests.xctest */ = {isa = PBXFileReference; explicitFileType = wrapper.cfbundle; includeInIndex = 0; path = PreworkTests.xctest; sourceTree = BUILT_PRODUCTS_DIR; };
		514F3BFE28BEF673007FAFE2 /* PreworkTests.swift */ = {isa = PBXFileReference; lastKnownFileType = sourcecode.swift; path = PreworkTests.swift; sourceTree = "<group>"; };
		514F3C0428BEF673007FAFE2 /* PreworkUITests.xctest */ = {isa = PBXFileReference; explicitFileType = wrapper.cfbundle; includeInIndex = 0; path = PreworkUITests.xctest; sourceTree = BUILT_PRODUCTS_DIR; };
		514F3C0828BEF673007FAFE2 /* PreworkUITests.swift */ = {isa = PBXFileReference; lastKnownFileType = sourcecode.swift; path = PreworkUITests.swift; sourceTree = "<group>"; };
		514F3C0A28BEF673007FAFE2 /* PreworkUITestsLaunchTests.swift */ = {isa = PBXFileReference; lastKnownFileType = sourcecode.swift; path = PreworkUITestsLaunchTests.swift; sourceTree = "<group>"; };
/* End PBXFileReference section */

/* Begin PBXFrameworksBuildPhase section */
		514F3BE128BEF673007FAFE2 /* Frameworks */ = {
			isa = PBXFrameworksBuildPhase;
			buildActionMask = 2147483647;
			files = (
			);
			runOnlyForDeploymentPostprocessing = 0;
		};
		514F3BF728BEF673007FAFE2 /* Frameworks */ = {
			isa = PBXFrameworksBuildPhase;
			buildActionMask = 2147483647;
			files = (
			);
			runOnlyForDeploymentPostprocessing = 0;
		};
		514F3C0128BEF673007FAFE2 /* Frameworks */ = {
			isa = PBXFrameworksBuildPhase;
			buildActionMask = 2147483647;
			files = (
			);
			runOnlyForDeploymentPostprocessing = 0;
		};
/* End PBXFrameworksBuildPhase section */

/* Begin PBXGroup section */
		514F3BDB28BEF673007FAFE2 = {
			isa = PBXGroup;
			children = (
				514F3BE628BEF673007FAFE2 /* Prework */,
				514F3BFD28BEF673007FAFE2 /* PreworkTests */,
				514F3C0728BEF673007FAFE2 /* PreworkUITests */,
				514F3BE528BEF673007FAFE2 /* Products */,
			);
			sourceTree = "<group>";
		};
		514F3BE528BEF673007FAFE2 /* Products */ = {
			isa = PBXGroup;
			children = (
				514F3BE428BEF673007FAFE2 /* Prework.app */,
				514F3BFA28BEF673007FAFE2 /* PreworkTests.xctest */,
				514F3C0428BEF673007FAFE2 /* PreworkUITests.xctest */,
			);
			name = Products;
			sourceTree = "<group>";
		};
		514F3BE628BEF673007FAFE2 /* Prework */ = {
			isa = PBXGroup;
			children = (
				514F3BE728BEF673007FAFE2 /* AppDelegate.swift */,
				514F3BE928BEF673007FAFE2 /* SceneDelegate.swift */,
				514F3BEB28BEF673007FAFE2 /* ViewController.swift */,
				514F3BED28BEF673007FAFE2 /* Main.storyboard */,
				514F3BF028BEF673007FAFE2 /* Assets.xcassets */,
				514F3BF228BEF673007FAFE2 /* LaunchScreen.storyboard */,
				514F3BF528BEF673007FAFE2 /* Info.plist */,
			);
			path = Prework;
			sourceTree = "<group>";
		};
		514F3BFD28BEF673007FAFE2 /* PreworkTests */ = {
			isa = PBXGroup;
			children = (
				514F3BFE28BEF673007FAFE2 /* PreworkTests.swift */,
			);
			path = PreworkTests;
			sourceTree = "<group>";
		};
		514F3C0728BEF673007FAFE2 /* PreworkUITests */ = {
			isa = PBXGroup;
			children = (
				514F3C0828BEF673007FAFE2 /* PreworkUITests.swift */,
				514F3C0A28BEF673007FAFE2 /* PreworkUITestsLaunchTests.swift */,
			);
			path = PreworkUITests;
			sourceTree = "<group>";
		};
/* End PBXGroup section */

/* Begin PBXNativeTarget section */
		514F3BE328BEF673007FAFE2 /* Prework */ = {
			isa = PBXNativeTarget;
			buildConfigurationList = 514F3C0E28BEF673007FAFE2 /* Build configuration list for PBXNativeTarget "Prework" */;
			buildPhases = (
				514F3BE028BEF673007FAFE2 /* Sources */,
				514F3BE128BEF673007FAFE2 /* Frameworks */,
				514F3BE228BEF673007FAFE2 /* Resources */,
			);
			buildRules = (
			);
			dependencies = (
			);
			name = Prework;
			productName = Prework;
			productReference = 514F3BE428BEF673007FAFE2 /* Prework.app */;
			productType = "com.apple.product-type.application";
		};
		514F3BF928BEF673007FAFE2 /* PreworkTests */ = {
			isa = PBXNativeTarget;
			buildConfigurationList = 514F3C1128BEF673007FAFE2 /* Build configuration list for PBXNativeTarget "PreworkTests" */;
			buildPhases = (
				514F3BF628BEF673007FAFE2 /* Sources */,
				514F3BF728BEF673007FAFE2 /* Frameworks */,
				514F3BF828BEF673007FAFE2 /* Resources */,
			);
			buildRules = (
			);
			dependencies = (
				514F3BFC28BEF673007FAFE2 /* PBXTargetDependency */,
			);
			name = PreworkTests;
			productName = PreworkTests;
			productReference = 514F3BFA28BEF673007FAFE2 /* PreworkTests.xctest */;
			productType = "com.apple.product-type.bundle.unit-test";
		};
		514F3C0328BEF673007FAFE2 /* PreworkUITests */ = {
			isa = PBXNativeTarget;
			buildConfigurationList = 514F3C1428BEF673007FAFE2 /* Build configuration list for PBXNativeTarget "PreworkUITests" */;
			buildPhases = (
				514F3C0028BEF673007FAFE2 /* Sources */,
				514F3C0128BEF673007FAFE2 /* Frameworks */,
				514F3C0228BEF673007FAFE2 /* Resources */,
			);
			buildRules = (
			);
			dependencies = (
				514F3C0628BEF673007FAFE2 /* PBXTargetDependency */,
			);
			name = PreworkUITests;
			productName = PreworkUITests;
			productReference = 514F3C0428BEF673007FAFE2 /* PreworkUITests.xctest */;
			productType = "com.apple.product-type.bundle.ui-testing";
		};
/* End PBXNativeTarget section */

/* Begin PBXProject section */
		514F3BDC28BEF673007FAFE2 /* Project object */ = {
			isa = PBXProject;
			attributes = {
				BuildIndependentTargetsInParallel = 1;
				LastSwiftUpdateCheck = 1340;
				LastUpgradeCheck = 1340;
				TargetAttributes = {
					514F3BE328BEF673007FAFE2 = {
						CreatedOnToolsVersion = 13.4.1;
					};
					514F3BF928BEF673007FAFE2 = {
						CreatedOnToolsVersion = 13.4.1;
						TestTargetID = 514F3BE328BEF673007FAFE2;
					};
					514F3C0328BEF673007FAFE2 = {
						CreatedOnToolsVersion = 13.4.1;
						TestTargetID = 514F3BE328BEF673007FAFE2;
					};
				};
			};
			buildConfigurationList = 514F3BDF28BEF673007FAFE2 /* Build configuration list for PBXProject "Prework" */;
			compatibilityVersion = "Xcode 13.0";
			developmentRegion = en;
			hasScannedForEncodings = 0;
			knownRegions = (
				en,
				Base,
			);
			mainGroup = 514F3BDB28BEF673007FAFE2;
			productRefGroup = 514F3BE528BEF673007FAFE2 /* Products */;
			projectDirPath = "";
			projectRoot = "";
			targets = (
				514F3BE328BEF673007FAFE2 /* Prework */,
				514F3BF928BEF673007FAFE2 /* PreworkTests */,
				514F3C0328BEF673007FAFE2 /* PreworkUITests */,
			);
		};
/* End PBXProject section */

/* Begin PBXResourcesBuildPhase section */
		514F3BE228BEF673007FAFE2 /* Resources */ = {
			isa = PBXResourcesBuildPhase;
			buildActionMask = 2147483647;
			files = (
				514F3BF428BEF673007FAFE2 /* LaunchScreen.storyboard in Resources */,
				514F3BF128BEF673007FAFE2 /* Assets.xcassets in Resources */,
				514F3BEF28BEF673007FAFE2 /* Main.storyboard in Resources */,
			);
			runOnlyForDeploymentPostprocessing = 0;
		};
		514F3BF828BEF673007FAFE2 /* Resources */ = {
			isa = PBXResourcesBuildPhase;
			buildActionMask = 2147483647;
			files = (
			);
			runOnlyForDeploymentPostprocessing = 0;
		};
		514F3C0228BEF673007FAFE2 /* Resources */ = {
			isa = PBXResourcesBuildPhase;
			buildActionMask = 2147483647;
			files = (
			);
			runOnlyForDeploymentPostprocessing = 0;
		};
/* End PBXResourcesBuildPhase section */

/* Begin PBXSourcesBuildPhase section */
		514F3BE028BEF673007FAFE2 /* Sources */ = {
			isa = PBXSourcesBuildPhase;
			buildActionMask = 2147483647;
			files = (
				514F3BEC28BEF673007FAFE2 /* ViewController.swift in Sources */,
				514F3BE828BEF673007FAFE2 /* AppDelegate.swift in Sources */,
				514F3BEA28BEF673007FAFE2 /* SceneDelegate.swift in Sources */,
			);
			runOnlyForDeploymentPostprocessing = 0;
		};
		514F3BF628BEF673007FAFE2 /* Sources */ = {
			isa = PBXSourcesBuildPhase;
			buildActionMask = 2147483647;
			files = (
				514F3BFF28BEF673007FAFE2 /* PreworkTests.swift in Sources */,
			);
			runOnlyForDeploymentPostprocessing = 0;
		};
		514F3C0028BEF673007FAFE2 /* Sources */ = {
			isa = PBXSourcesBuildPhase;
			buildActionMask = 2147483647;
			files = (
				514F3C0928BEF673007FAFE2 /* PreworkUITests.swift in Sources */,
				514F3C0B28BEF673007FAFE2 /* PreworkUITestsLaunchTests.swift in Sources */,
			);
			runOnlyForDeploymentPostprocessing = 0;
		};
/* End PBXSourcesBuildPhase section */

/* Begin PBXTargetDependency section */
		514F3BFC28BEF673007FAFE2 /* PBXTargetDependency */ = {
			isa = PBXTargetDependency;
			target = 514F3BE328BEF673007FAFE2 /* Prework */;
			targetProxy = 514F3BFB28BEF673007FAFE2 /* PBXContainerItemProxy */;
		};
		514F3C0628BEF673007FAFE2 /* PBXTargetDependency */ = {
			isa = PBXTargetDependency;
			target = 514F3BE328BEF673007FAFE2 /* Prework */;
			targetProxy = 514F3C0528BEF673007FAFE2 /* PBXContainerItemProxy */;
		};
/* End PBXTargetDependency section */

/* Begin PBXVariantGroup section */
		514F3BED28BEF673007FAFE2 /* Main.storyboard */ = {
			isa = PBXVariantGroup;
			children = (
				514F3BEE28BEF673007FAFE2 /* Base */,
			);
			name = Main.storyboard;
			sourceTree = "<group>";
		};
		514F3BF228BEF673007FAFE2 /* LaunchScreen.storyboard */ = {
			isa = PBXVariantGroup;
			children = (
				514F3BF328BEF673007FAFE2 /* Base */,
			);
			name = LaunchScreen.storyboard;
			sourceTree = "<group>";
		};
/* End PBXVariantGroup section */

/* Begin XCBuildConfiguration section */
		514F3C0C28BEF673007FAFE2 /* Debug */ = {
			isa = XCBuildConfiguration;
			buildSettings = {
				ALWAYS_SEARCH_USER_PATHS = NO;
				CLANG_ANALYZER_NONNULL = YES;
				CLANG_ANALYZER_NUMBER_OBJECT_CONVERSION = YES_AGGRESSIVE;
				CLANG_CXX_LANGUAGE_STANDARD = "gnu++17";
				CLANG_ENABLE_MODULES = YES;
				CLANG_ENABLE_OBJC_ARC = YES;
				CLANG_ENABLE_OBJC_WEAK = YES;
				CLANG_WARN_BLOCK_CAPTURE_AUTORELEASING = YES;
				CLANG_WARN_BOOL_CONVERSION = YES;
				CLANG_WARN_COMMA = YES;
				CLANG_WARN_CONSTANT_CONVERSION = YES;
				CLANG_WARN_DEPRECATED_OBJC_IMPLEMENTATIONS = YES;
				CLANG_WARN_DIRECT_OBJC_ISA_USAGE = YES_ERROR;
				CLANG_WARN_DOCUMENTATION_COMMENTS = YES;
				CLANG_WARN_EMPTY_BODY = YES;
				CLANG_WARN_ENUM_CONVERSION = YES;
				CLANG_WARN_INFINITE_RECURSION = YES;
				CLANG_WARN_INT_CONVERSION = YES;
				CLANG_WARN_NON_LITERAL_NULL_CONVERSION = YES;
				CLANG_WARN_OBJC_IMPLICIT_RETAIN_SELF = YES;
				CLANG_WARN_OBJC_LITERAL_CONVERSION = YES;
				CLANG_WARN_OBJC_ROOT_CLASS = YES_ERROR;
				CLANG_WARN_QUOTED_INCLUDE_IN_FRAMEWORK_HEADER = YES;
				CLANG_WARN_RANGE_LOOP_ANALYSIS = YES;
				CLANG_WARN_STRICT_PROTOTYPES = YES;
				CLANG_WARN_SUSPICIOUS_MOVE = YES;
				CLANG_WARN_UNGUARDED_AVAILABILITY = YES_AGGRESSIVE;
				CLANG_WARN_UNREACHABLE_CODE = YES;
				CLANG_WARN__DUPLICATE_METHOD_MATCH = YES;
				COPY_PHASE_STRIP = NO;
				DEBUG_INFORMATION_FORMAT = dwarf;
				ENABLE_STRICT_OBJC_MSGSEND = YES;
				ENABLE_TESTABILITY = YES;
				GCC_C_LANGUAGE_STANDARD = gnu11;
				GCC_DYNAMIC_NO_PIC = NO;
				GCC_NO_COMMON_BLOCKS = YES;
				GCC_OPTIMIZATION_LEVEL = 0;
				GCC_PREPROCESSOR_DEFINITIONS = (
					"DEBUG=1",
					"$(inherited)",
				);
				GCC_WARN_64_TO_32_BIT_CONVERSION = YES;
				GCC_WARN_ABOUT_RETURN_TYPE = YES_ERROR;
				GCC_WARN_UNDECLARED_SELECTOR = YES;
				GCC_WARN_UNINITIALIZED_AUTOS = YES_AGGRESSIVE;
				GCC_WARN_UNUSED_FUNCTION = YES;
				GCC_WARN_UNUSED_VARIABLE = YES;
				IPHONEOS_DEPLOYMENT_TARGET = 15.5;
				MTL_ENABLE_DEBUG_INFO = INCLUDE_SOURCE;
				MTL_FAST_MATH = YES;
				ONLY_ACTIVE_ARCH = YES;
				SDKROOT = iphoneos;
				SWIFT_ACTIVE_COMPILATION_CONDITIONS = DEBUG;
				SWIFT_OPTIMIZATION_LEVEL = "-Onone";
			};
			name = Debug;
		};
		514F3C0D28BEF673007FAFE2 /* Release */ = {
			isa = XCBuildConfiguration;
			buildSettings = {
				ALWAYS_SEARCH_USER_PATHS = NO;
				CLANG_ANALYZER_NONNULL = YES;
				CLANG_ANALYZER_NUMBER_OBJECT_CONVERSION = YES_AGGRESSIVE;
				CLANG_CXX_LANGUAGE_STANDARD = "gnu++17";
				CLANG_ENABLE_MODULES = YES;
				CLANG_ENABLE_OBJC_ARC = YES;
				CLANG_ENABLE_OBJC_WEAK = YES;
				CLANG_WARN_BLOCK_CAPTURE_AUTORELEASING = YES;
				CLANG_WARN_BOOL_CONVERSION = YES;
				CLANG_WARN_COMMA = YES;
				CLANG_WARN_CONSTANT_CONVERSION = YES;
				CLANG_WARN_DEPRECATED_OBJC_IMPLEMENTATIONS = YES;
				CLANG_WARN_DIRECT_OBJC_ISA_USAGE = YES_ERROR;
				CLANG_WARN_DOCUMENTATION_COMMENTS = YES;
				CLANG_WARN_EMPTY_BODY = YES;
				CLANG_WARN_ENUM_CONVERSION = YES;
				CLANG_WARN_INFINITE_RECURSION = YES;
				CLANG_WARN_INT_CONVERSION = YES;
				CLANG_WARN_NON_LITERAL_NULL_CONVERSION = YES;
				CLANG_WARN_OBJC_IMPLICIT_RETAIN_SELF = YES;
				CLANG_WARN_OBJC_LITERAL_CONVERSION = YES;
				CLANG_WARN_OBJC_ROOT_CLASS = YES_ERROR;
				CLANG_WARN_QUOTED_INCLUDE_IN_FRAMEWORK_HEADER = YES;
				CLANG_WARN_RANGE_LOOP_ANALYSIS = YES;
				CLANG_WARN_STRICT_PROTOTYPES = YES;
				CLANG_WARN_SUSPICIOUS_MOVE = YES;
				CLANG_WARN_UNGUARDED_AVAILABILITY = YES_AGGRESSIVE;
				CLANG_WARN_UNREACHABLE_CODE = YES;
				CLANG_WARN__DUPLICATE_METHOD_MATCH = YES;
				COPY_PHASE_STRIP = NO;
				DEBUG_INFORMATION_FORMAT = "dwarf-with-dsym";
				ENABLE_NS_ASSERTIONS = NO;
				ENABLE_STRICT_OBJC_MSGSEND = YES;
				GCC_C_LANGUAGE_STANDARD = gnu11;
				GCC_NO_COMMON_BLOCKS = YES;
				GCC_WARN_64_TO_32_BIT_CONVERSION = YES;
				GCC_WARN_ABOUT_RETURN_TYPE = YES_ERROR;
				GCC_WARN_UNDECLARED_SELECTOR = YES;
				GCC_WARN_UNINITIALIZED_AUTOS = YES_AGGRESSIVE;
				GCC_WARN_UNUSED_FUNCTION = YES;
				GCC_WARN_UNUSED_VARIABLE = YES;
				IPHONEOS_DEPLOYMENT_TARGET = 15.5;
				MTL_ENABLE_DEBUG_INFO = NO;
				MTL_FAST_MATH = YES;
				SDKROOT = iphoneos;
				SWIFT_COMPILATION_MODE = wholemodule;
				SWIFT_OPTIMIZATION_LEVEL = "-O";
				VALIDATE_PRODUCT = YES;
			};
			name = Release;
		};
		514F3C0F28BEF673007FAFE2 /* Debug */ = {
			isa = XCBuildConfiguration;
			buildSettings = {
				ASSETCATALOG_COMPILER_APPICON_NAME = AppIcon;
				ASSETCATALOG_COMPILER_GLOBAL_ACCENT_COLOR_NAME = AccentColor;
				CODE_SIGN_STYLE = Automatic;
				CURRENT_PROJECT_VERSION = 1;
				GENERATE_INFOPLIST_FILE = YES;
				INFOPLIST_FILE = Prework/Info.plist;
				INFOPLIST_KEY_UIApplicationSupportsIndirectInputEvents = YES;
				INFOPLIST_KEY_UILaunchStoryboardName = LaunchScreen;
				INFOPLIST_KEY_UIMainStoryboardFile = Main;
				INFOPLIST_KEY_UISupportedInterfaceOrientations_iPad = "UIInterfaceOrientationPortrait UIInterfaceOrientationPortraitUpsideDown UIInterfaceOrientationLandscapeLeft UIInterfaceOrientationLandscapeRight";
				INFOPLIST_KEY_UISupportedInterfaceOrientations_iPhone = "UIInterfaceOrientationPortrait UIInterfaceOrientationLandscapeLeft UIInterfaceOrientationLandscapeRight";
				LD_RUNPATH_SEARCH_PATHS = (
					"$(inherited)",
					"@executable_path/Frameworks",
				);
				MARKETING_VERSION = 1.0;
				PRODUCT_BUNDLE_IDENTIFIER = memo.com.Prework;
				PRODUCT_NAME = "$(TARGET_NAME)";
				SWIFT_EMIT_LOC_STRINGS = YES;
				SWIFT_VERSION = 5.0;
				TARGETED_DEVICE_FAMILY = "1,2";
			};
			name = Debug;
		};
		514F3C1028BEF673007FAFE2 /* Release */ = {
			isa = XCBuildConfiguration;
			buildSettings = {
				ASSETCATALOG_COMPILER_APPICON_NAME = AppIcon;
				ASSETCATALOG_COMPILER_GLOBAL_ACCENT_COLOR_NAME = AccentColor;
				CODE_SIGN_STYLE = Automatic;
				CURRENT_PROJECT_VERSION = 1;
				GENERATE_INFOPLIST_FILE = YES;
				INFOPLIST_FILE = Prework/Info.plist;
				INFOPLIST_KEY_UIApplicationSupportsIndirectInputEvents = YES;
				INFOPLIST_KEY_UILaunchStoryboardName = LaunchScreen;
				INFOPLIST_KEY_UIMainStoryboardFile = Main;
				INFOPLIST_KEY_UISupportedInterfaceOrientations_iPad = "UIInterfaceOrientationPortrait UIInterfaceOrientationPortraitUpsideDown UIInterfaceOrientationLandscapeLeft UIInterfaceOrientationLandscapeRight";
				INFOPLIST_KEY_UISupportedInterfaceOrientations_iPhone = "UIInterfaceOrientationPortrait UIInterfaceOrientationLandscapeLeft UIInterfaceOrientationLandscapeRight";
				LD_RUNPATH_SEARCH_PATHS = (
					"$(inherited)",
					"@executable_path/Frameworks",
				);
				MARKETING_VERSION = 1.0;
				PRODUCT_BUNDLE_IDENTIFIER = memo.com.Prework;
				PRODUCT_NAME = "$(TARGET_NAME)";
				SWIFT_EMIT_LOC_STRINGS = YES;
				SWIFT_VERSION = 5.0;
				TARGETED_DEVICE_FAMILY = "1,2";
			};
			name = Release;
		};
		514F3C1228BEF673007FAFE2 /* Debug */ = {
			isa = XCBuildConfiguration;
			buildSettings = {
				ALWAYS_EMBED_SWIFT_STANDARD_LIBRARIES = YES;
				BUNDLE_LOADER = "$(TEST_HOST)";
				CODE_SIGN_STYLE = Automatic;
				CURRENT_PROJECT_VERSION = 1;
				GENERATE_INFOPLIST_FILE = YES;
				IPHONEOS_DEPLOYMENT_TARGET = 15.5;
				MARKETING_VERSION = 1.0;
				PRODUCT_BUNDLE_IDENTIFIER = memo.com.PreworkTests;
				PRODUCT_NAME = "$(TARGET_NAME)";
				SWIFT_EMIT_LOC_STRINGS = NO;
				SWIFT_VERSION = 5.0;
				TARGETED_DEVICE_FAMILY = "1,2";
				TEST_HOST = "$(BUILT_PRODUCTS_DIR)/Prework.app/Prework";
			};
			name = Debug;
		};
		514F3C1328BEF673007FAFE2 /* Release */ = {
			isa = XCBuildConfiguration;
			buildSettings = {
				ALWAYS_EMBED_SWIFT_STANDARD_LIBRARIES = YES;
				BUNDLE_LOADER = "$(TEST_HOST)";
				CODE_SIGN_STYLE = Automatic;
				CURRENT_PROJECT_VERSION = 1;
				GENERATE_INFOPLIST_FILE = YES;
				IPHONEOS_DEPLOYMENT_TARGET = 15.5;
				MARKETING_VERSION = 1.0;
				PRODUCT_BUNDLE_IDENTIFIER = memo.com.PreworkTests;
				PRODUCT_NAME = "$(TARGET_NAME)";
				SWIFT_EMIT_LOC_STRINGS = NO;
				SWIFT_VERSION = 5.0;
				TARGETED_DEVICE_FAMILY = "1,2";
				TEST_HOST = "$(BUILT_PRODUCTS_DIR)/Prework.app/Prework";
			};
			name = Release;
		};
		514F3C1528BEF673007FAFE2 /* Debug */ = {
			isa = XCBuildConfiguration;
			buildSettings = {
				ALWAYS_EMBED_SWIFT_STANDARD_LIBRARIES = YES;
				CODE_SIGN_STYLE = Automatic;
				CURRENT_PROJECT_VERSION = 1;
				GENERATE_INFOPLIST_FILE = YES;
				MARKETING_VERSION = 1.0;
				PRODUCT_BUNDLE_IDENTIFIER = memo.com.PreworkUITests;
				PRODUCT_NAME = "$(TARGET_NAME)";
				SWIFT_EMIT_LOC_STRINGS = NO;
				SWIFT_VERSION = 5.0;
				TARGETED_DEVICE_FAMILY = "1,2";
				TEST_TARGET_NAME = Prework;
			};
			name = Debug;
		};
		514F3C1628BEF673007FAFE2 /* Release */ = {
			isa = XCBuildConfiguration;
			buildSettings = {
				ALWAYS_EMBED_SWIFT_STANDARD_LIBRARIES = YES;
				CODE_SIGN_STYLE = Automatic;
				CURRENT_PROJECT_VERSION = 1;
				GENERATE_INFOPLIST_FILE = YES;
				MARKETING_VERSION = 1.0;
				PRODUCT_BUNDLE_IDENTIFIER = memo.com.PreworkUITests;
				PRODUCT_NAME = "$(TARGET_NAME)";
				SWIFT_EMIT_LOC_STRINGS = NO;
				SWIFT_VERSION = 5.0;
				TARGETED_DEVICE_FAMILY = "1,2";
				TEST_TARGET_NAME = Prework;
			};
			name = Release;
		};
/* End XCBuildConfiguration section */

/* Begin XCConfigurationList section */
		514F3BDF28BEF673007FAFE2 /* Build configuration list for PBXProject "Prework" */ = {
			isa = XCConfigurationList;
			buildConfigurations = (
				514F3C0C28BEF673007FAFE2 /* Debug */,
				514F3C0D28BEF673007FAFE2 /* Release */,
			);
			defaultConfigurationIsVisible = 0;
			defaultConfigurationName = Release;
		};
		514F3C0E28BEF673007FAFE2 /* Build configuration list for PBXNativeTarget "Prework" */ = {
			isa = XCConfigurationList;
			buildConfigurations = (
				514F3C0F28BEF673007FAFE2 /* Debug */,
				514F3C1028BEF673007FAFE2 /* Release */,
			);
			defaultConfigurationIsVisible = 0;
			defaultConfigurationName = Release;
		};
		514F3C1128BEF673007FAFE2 /* Build configuration list for PBXNativeTarget "PreworkTests" */ = {
			isa = XCConfigurationList;
			buildConfigurations = (
				514F3C1228BEF673007FAFE2 /* Debug */,
				514F3C1328BEF673007FAFE2 /* Release */,
			);
			defaultConfigurationIsVisible = 0;
			defaultConfigurationName = Release;
		};
		514F3C1428BEF673007FAFE2 /* Build configuration list for PBXNativeTarget "PreworkUITests" */ = {
			isa = XCConfigurationList;
			buildConfigurations = (
				514F3C1528BEF673007FAFE2 /* Debug */,
				514F3C1628BEF673007FAFE2 /* Release */,
			);
			defaultConfigurationIsVisible = 0;
			defaultConfigurationName = Release;
		};
/* End XCConfigurationList section */
	};
	rootObject = 514F3BDC28BEF673007FAFE2 /* Project object */;
}
